
Microsoft Visual Studio Solution File, Format Version 12.00
# Visual Studio 15
VisualStudioVersion = 15.0.28010.2041
MinimumVisualStudioVersion = 10.0.40219.1
Project("{FAE04EC0-301F-11D3-BF4B-00C04F79EFBC}") = "DirectMembershipCollection", "DirectMembershipCollection.csproj", "{600F83A8-CFFB-4A21-93C6-C5C232D2A9C1}"
EndProject
Global
	GlobalSection(SolutionConfigurationPlatforms) = preSolution
		Debug|Any CPU = Debug|Any CPU
		Release|Any CPU = Release|Any CPU
	EndGlobalSection
	GlobalSection(ProjectConfigurationPlatforms) = postSolution
		{600F83A8-CFFB-4A21-93C6-C5C232D2A9C1}.Debug|Any CPU.ActiveCfg = Debug|Any CPU
		{600F83A8-CFFB-4A21-93C6-C5C232D2A9C1}.Debug|Any CPU.Build.0 = Debug|Any CPU
		{600F83A8-CFFB-4A21-93C6-C5C232D2A9C1}.Release|Any CPU.ActiveCfg = Release|Any CPU
		{600F83A8-CFFB-4A21-93C6-C5C232D2A9C1}.Release|Any CPU.Build.0 = Release|Any CPU
	EndGlobalSection
	GlobalSection(SolutionProperties) = preSolution
		HideSolutionNode = FALSE
	EndGlobalSection
	GlobalSection(ExtensibilityGlobals) = postSolution
		SolutionGuid = {CC6CFEAF-2DC3-435D-9205-EC0023867313}
	EndGlobalSection
EndGlobal
